
Microsoft Visual Studio Solution File, Format Version 12.00
# Visual Studio Version 17
VisualStudioVersion = 17.10.35013.160
MinimumVisualStudioVersion = 10.0.40219.1
Project("{9A19103F-16F7-4668-BE54-9A1E7A4F7556}") = "Companysystem", "Companysystem\Companysystem.csproj", "{FADA9171-2CE0-410A-B342-59059078AFBC}"
EndProject
Global
	GlobalSection(SolutionConfigurationPlatforms) = preSolution
		Debug|Any CPU = Debug|Any CPU
		Debug|x64 = Debug|x64
		Release|Any CPU = Release|Any CPU
		Release|x64 = Release|x64
	EndGlobalSection
	GlobalSection(ProjectConfigurationPlatforms) = postSolution
		{FADA9171-2CE0-410A-B342-59059078AFBC}.Debug|Any CPU.ActiveCfg = Debug|Any CPU
		{FADA9171-2CE0-410A-B342-59059078AFBC}.Debug|Any CPU.Build.0 = Debug|Any CPU
		{FADA9171-2CE0-410A-B342-59059078AFBC}.Debug|x64.ActiveCfg = Debug|x64
		{FADA9171-2CE0-410A-B342-59059078AFBC}.Debug|x64.Build.0 = Debug|x64
		{FADA9171-2CE0-410A-B342-59059078AFBC}.Release|Any CPU.ActiveCfg = Release|Any CPU
		{FADA9171-2CE0-410A-B342-59059078AFBC}.Release|Any CPU.Build.0 = Release|Any CPU
		{FADA9171-2CE0-410A-B342-59059078AFBC}.Release|x64.ActiveCfg = Release|x64
		{FADA9171-2CE0-410A-B342-59059078AFBC}.Release|x64.Build.0 = Release|x64
	EndGlobalSection
	GlobalSection(SolutionProperties) = preSolution
		HideSolutionNode = FALSE
	EndGlobalSection
	GlobalSection(ExtensibilityGlobals) = postSolution
		SolutionGuid = {69484255-1086-47EC-B669-D016AEE6D394}
	EndGlobalSection
EndGlobal
